
Microsoft Visual Studio Solution File, Format Version 12.00
# Visual Studio Version 17
VisualStudioVersion = 17.8.34330.188
MinimumVisualStudioVersion = 10.0.40219.1
Project("{9A19103F-16F7-4668-BE54-9A1E7A4F7556}") = "UncoverThat.Engine", "UncoverThat.Engine\UncoverThat.Engine.csproj", "{6E2787C9-594D-4501-ADA3-A192AAD1057F}"
EndProject
Project("{FAE04EC0-301F-11D3-BF4B-00C04F79EFBC}") = "UncoverThat.Tests", "UncoverThat.Tests\UncoverThat.Tests.csproj", "{B6027708-B245-4E08-B2F3-CCE7A5FC5B52}"
EndProject
Global
	GlobalSection(SolutionConfigurationPlatforms) = preSolution
		Debug|Any CPU = Debug|Any CPU
		Release|Any CPU = Release|Any CPU
	EndGlobalSection
	GlobalSection(ProjectConfigurationPlatforms) = postSolution
		{6E2787C9-594D-4501-ADA3-A192AAD1057F}.Debug|Any CPU.ActiveCfg = Debug|Any CPU
		{6E2787C9-594D-4501-ADA3-A192AAD1057F}.Debug|Any CPU.Build.0 = Debug|Any CPU
		{6E2787C9-594D-4501-ADA3-A192AAD1057F}.Release|Any CPU.ActiveCfg = Release|Any CPU
		{6E2787C9-594D-4501-ADA3-A192AAD1057F}.Release|Any CPU.Build.0 = Release|Any CPU
		{B6027708-B245-4E08-B2F3-CCE7A5FC5B52}.Debug|Any CPU.ActiveCfg = Debug|Any CPU
		{B6027708-B245-4E08-B2F3-CCE7A5FC5B52}.Debug|Any CPU.Build.0 = Debug|Any CPU
		{B6027708-B245-4E08-B2F3-CCE7A5FC5B52}.Release|Any CPU.ActiveCfg = Release|Any CPU
		{B6027708-B245-4E08-B2F3-CCE7A5FC5B52}.Release|Any CPU.Build.0 = Release|Any CPU
	EndGlobalSection
	GlobalSection(SolutionProperties) = preSolution
		HideSolutionNode = FALSE
	EndGlobalSection
	GlobalSection(ExtensibilityGlobals) = postSolution
		SolutionGuid = {5C34C3F3-E8EC-4653-8724-073D6A7AC338}
	EndGlobalSection
EndGlobal
